
Microsoft Visual Studio Solution File, Format Version 12.00
# Visual Studio Version 17
VisualStudioVersion = 17.2.32616.157
MinimumVisualStudioVersion = 10.0.40219.1
Project("{FAE04EC0-301F-11D3-BF4B-00C04F79EFBC}") = "ProyectoGYM.API", "ProyectoGYM.API\ProyectoGYM.API.csproj", "{3153D112-5F34-4362-8C17-7E6652AAD4A8}"
EndProject
Project("{FAE04EC0-301F-11D3-BF4B-00C04F79EFBC}") = "ProyectoGYM.DOMAIN", "ProyectoGYM.DOMAN\ProyectoGYM.DOMAIN.csproj", "{65BACEDC-989A-4CEF-8597-5DB45997A73A}"
EndProject
Global
	GlobalSection(SolutionConfigurationPlatforms) = preSolution
		Debug|Any CPU = Debug|Any CPU
		Release|Any CPU = Release|Any CPU
	EndGlobalSection
	GlobalSection(ProjectConfigurationPlatforms) = postSolution
		{3153D112-5F34-4362-8C17-7E6652AAD4A8}.Debug|Any CPU.ActiveCfg = Debug|Any CPU
		{3153D112-5F34-4362-8C17-7E6652AAD4A8}.Debug|Any CPU.Build.0 = Debug|Any CPU
		{3153D112-5F34-4362-8C17-7E6652AAD4A8}.Release|Any CPU.ActiveCfg = Release|Any CPU
		{3153D112-5F34-4362-8C17-7E6652AAD4A8}.Release|Any CPU.Build.0 = Release|Any CPU
		{65BACEDC-989A-4CEF-8597-5DB45997A73A}.Debug|Any CPU.ActiveCfg = Debug|Any CPU
		{65BACEDC-989A-4CEF-8597-5DB45997A73A}.Debug|Any CPU.Build.0 = Debug|Any CPU
		{65BACEDC-989A-4CEF-8597-5DB45997A73A}.Release|Any CPU.ActiveCfg = Release|Any CPU
		{65BACEDC-989A-4CEF-8597-5DB45997A73A}.Release|Any CPU.Build.0 = Release|Any CPU
	EndGlobalSection
	GlobalSection(SolutionProperties) = preSolution
		HideSolutionNode = FALSE
	EndGlobalSection
	GlobalSection(ExtensibilityGlobals) = postSolution
		SolutionGuid = {74F0CD49-E057-4415-87AB-21ED5E8C81B9}
	EndGlobalSection
EndGlobal
